
Microsoft Visual Studio Solution File, Format Version 12.00
# Visual Studio Version 17
VisualStudioVersion = 17.0.31919.166
MinimumVisualStudioVersion = 10.0.40219.1
Project("{FAE04EC0-301F-11D3-BF4B-00C04F79EFBC}") = "WebApplication3", "WebApplication3\WebApplication3.csproj", "{D3545F13-05C2-44E4-A0B8-D9E70F10FB93}"
EndProject
Global
	GlobalSection(SolutionConfigurationPlatforms) = preSolution
		Debug|Any CPU = Debug|Any CPU
		Release|Any CPU = Release|Any CPU
	EndGlobalSection
	GlobalSection(ProjectConfigurationPlatforms) = postSolution
		{D3545F13-05C2-44E4-A0B8-D9E70F10FB93}.Debug|Any CPU.ActiveCfg = Debug|Any CPU
		{D3545F13-05C2-44E4-A0B8-D9E70F10FB93}.Debug|Any CPU.Build.0 = Debug|Any CPU
		{D3545F13-05C2-44E4-A0B8-D9E70F10FB93}.Release|Any CPU.ActiveCfg = Release|Any CPU
		{D3545F13-05C2-44E4-A0B8-D9E70F10FB93}.Release|Any CPU.Build.0 = Release|Any CPU
	EndGlobalSection
	GlobalSection(SolutionProperties) = preSolution
		HideSolutionNode = FALSE
	EndGlobalSection
	GlobalSection(ExtensibilityGlobals) = postSolution
		SolutionGuid = {52DA1A14-4A6A-419D-800D-9D379CA503A1}
	EndGlobalSection
EndGlobal
